
Microsoft Visual Studio Solution File, Format Version 12.00
# Visual Studio 15
VisualStudioVersion = 15.0.28010.2041
MinimumVisualStudioVersion = 10.0.40219.1
Project("{FAE04EC0-301F-11D3-BF4B-00C04F79EFBC}") = "B4.PE1.HuygheK.Android", "B4.PE1.HuygheK\B4.PE1.HuygheK.Android\B4.PE1.HuygheK.Android.csproj", "{3397022C-5057-49BB-885B-D02A4FA4D006}"
EndProject
Project("{FAE04EC0-301F-11D3-BF4B-00C04F79EFBC}") = "B4.PE1.HuygheK.iOS", "B4.PE1.HuygheK\B4.PE1.HuygheK.iOS\B4.PE1.HuygheK.iOS.csproj", "{CEB19700-B9D5-4857-9C57-89CE4508D010}"
EndProject
Project("{FAE04EC0-301F-11D3-BF4B-00C04F79EFBC}") = "B4.PE1.HuygheK.UWP", "B4.PE1.HuygheK\B4.PE1.HuygheK.UWP\B4.PE1.HuygheK.UWP.csproj", "{80E6CA7A-FD14-4C0D-8C0A-E6C7A9172A46}"
EndProject
Project("{FAE04EC0-301F-11D3-BF4B-00C04F79EFBC}") = "B4.PE1.HuygheK", "B4.PE1.HuygheK\B4.PE1.HuygheK\B4.PE1.HuygheK.csproj", "{8C0CCAFB-EB37-4384-B298-D54CCDD696DF}"
EndProject
Global
	GlobalSection(SolutionConfigurationPlatforms) = preSolution
		Ad-Hoc|Any CPU = Ad-Hoc|Any CPU
		Ad-Hoc|ARM = Ad-Hoc|ARM
		Ad-Hoc|iPhone = Ad-Hoc|iPhone
		Ad-Hoc|iPhoneSimulator = Ad-Hoc|iPhoneSimulator
		Ad-Hoc|x64 = Ad-Hoc|x64
		Ad-Hoc|x86 = Ad-Hoc|x86
		AppStore|Any CPU = AppStore|Any CPU
		AppStore|ARM = AppStore|ARM
		AppStore|iPhone = AppStore|iPhone
		AppStore|iPhoneSimulator = AppStore|iPhoneSimulator
		AppStore|x64 = AppStore|x64
		AppStore|x86 = AppStore|x86
		Debug|Any CPU = Debug|Any CPU
		Debug|ARM = Debug|ARM
		Debug|iPhone = Debug|iPhone
		Debug|iPhoneSimulator = Debug|iPhoneSimulator
		Debug|x64 = Debug|x64
		Debug|x86 = Debug|x86
		Release|Any CPU = Release|Any CPU
		Release|ARM = Release|ARM
		Release|iPhone = Release|iPhone
		Release|iPhoneSimulator = Release|iPhoneSimulator
		Release|x64 = Release|x64
		Release|x86 = Release|x86
	EndGlobalSection
	GlobalSection(ProjectConfigurationPlatforms) = postSolution
		{3397022C-5057-49BB-885B-D02A4FA4D006}.Ad-Hoc|Any CPU.ActiveCfg = Release|Any CPU
		{3397022C-5057-49BB-885B-D02A4FA4D006}.Ad-Hoc|Any CPU.Build.0 = Release|Any CPU
		{3397022C-5057-49BB-885B-D02A4FA4D006}.Ad-Hoc|Any CPU.Deploy.0 = Release|Any CPU
		{3397022C-5057-49BB-885B-D02A4FA4D006}.Ad-Hoc|ARM.ActiveCfg = Release|Any CPU
		{3397022C-5057-49BB-885B-D02A4FA4D006}.Ad-Hoc|ARM.Build.0 = Release|Any CPU
		{3397022C-5057-49BB-885B-D02A4FA4D006}.Ad-Hoc|ARM.Deploy.0 = Release|Any CPU
		{3397022C-5057-49BB-885B-D02A4FA4D006}.Ad-Hoc|iPhone.ActiveCfg = Release|Any CPU
		{3397022C-5057-49BB-885B-D02A4FA4D006}.Ad-Hoc|iPhone.Build.0 = Release|Any CPU
		{3397022C-5057-49BB-885B-D02A4FA4D006}.Ad-Hoc|iPhone.Deploy.0 = Release|Any CPU
		{3397022C-5057-49BB-885B-D02A4FA4D006}.Ad-Hoc|iPhoneSimulator.ActiveCfg = Release|Any CPU
		{3397022C-5057-49BB-885B-D02A4FA4D006}.Ad-Hoc|iPhoneSimulator.Build.0 = Release|Any CPU
		{3397022C-5057-49BB-885B-D02A4FA4D006}.Ad-Hoc|iPhoneSimulator.Deploy.0 = Release|Any CPU
		{3397022C-5057-49BB-885B-D02A4FA4D006}.Ad-Hoc|x64.ActiveCfg = Release|Any CPU
		{3397022C-5057-49BB-885B-D02A4FA4D006}.Ad-Hoc|x64.Build.0 = Release|Any CPU
		{3397022C-5057-49BB-885B-D02A4FA4D006}.Ad-Hoc|x64.Deploy.0 = Release|Any CPU
		{3397022C-5057-49BB-885B-D02A4FA4D006}.Ad-Hoc|x86.ActiveCfg = Release|Any CPU
		{3397022C-5057-49BB-885B-D02A4FA4D006}.Ad-Hoc|x86.Build.0 = Release|Any CPU
		{3397022C-5057-49BB-885B-D02A4FA4D006}.Ad-Hoc|x86.Deploy.0 = Release|Any CPU
		{3397022C-5057-49BB-885B-D02A4FA4D006}.AppStore|Any CPU.ActiveCfg = Release|Any CPU
		{3397022C-5057-49BB-885B-D02A4FA4D006}.AppStore|Any CPU.Build.0 = Release|Any CPU
		{3397022C-5057-49BB-885B-D02A4FA4D006}.AppStore|Any CPU.Deploy.0 = Release|Any CPU
		{3397022C-5057-49BB-885B-D02A4FA4D006}.AppStore|ARM.ActiveCfg = Release|Any CPU
		{3397022C-5057-49BB-885B-D02A4FA4D006}.AppStore|ARM.Build.0 = Release|Any CPU
		{3397022C-5057-49BB-885B-D02A4FA4D006}.AppStore|ARM.Deploy.0 = Release|Any CPU
		{3397022C-5057-49BB-885B-D02A4FA4D006}.AppStore|iPhone.ActiveCfg = Release|Any CPU
		{3397022C-5057-49BB-885B-D02A4FA4D006}.AppStore|iPhone.Build.0 = Release|Any CPU
		{3397022C-5057-49BB-885B-D02A4FA4D006}.AppStore|iPhone.Deploy.0 = Release|Any CPU
		{3397022C-5057-49BB-885B-D02A4FA4D006}.AppStore|iPhoneSimulator.ActiveCfg = Release|Any CPU
		{3397022C-5057-49BB-885B-D02A4FA4D006}.AppStore|iPhoneSimulator.Build.0 = Release|Any CPU
		{3397022C-5057-49BB-885B-D02A4FA4D006}.AppStore|iPhoneSimulator.Deploy.0 = Release|Any CPU
		{3397022C-5057-49BB-885B-D02A4FA4D006}.AppStore|x64.ActiveCfg = Release|Any CPU
		{3397022C-5057-49BB-885B-D02A4FA4D006}.AppStore|x64.Build.0 = Release|Any CPU
		{3397022C-5057-49BB-885B-D02A4FA4D006}.AppStore|x64.Deploy.0 = Release|Any CPU
		{3397022C-5057-49BB-885B-D02A4FA4D006}.AppStore|x86.ActiveCfg = Release|Any CPU
		{3397022C-5057-49BB-885B-D02A4FA4D006}.AppStore|x86.Build.0 = Release|Any CPU
		{3397022C-5057-49BB-885B-D02A4FA4D006}.AppStore|x86.Deploy.0 = Release|Any CPU
		{3397022C-5057-49BB-885B-D02A4FA4D006}.Debug|Any CPU.ActiveCfg = Debug|Any CPU
		{3397022C-5057-49BB-885B-D02A4FA4D006}.Debug|Any CPU.Build.0 = Debug|Any CPU
		{3397022C-5057-49BB-885B-D02A4FA4D006}.Debug|Any CPU.Deploy.0 = Debug|Any CPU
		{3397022C-5057-49BB-885B-D02A4FA4D006}.Debug|ARM.ActiveCfg = Debug|Any CPU
		{3397022C-5057-49BB-885B-D02A4FA4D006}.Debug|ARM.Build.0 = Debug|Any CPU
		{3397022C-5057-49BB-885B-D02A4FA4D006}.Debug|ARM.Deploy.0 = Debug|Any CPU
		{3397022C-5057-49BB-885B-D02A4FA4D006}.Debug|iPhone.ActiveCfg = Debug|Any CPU
		{3397022C-5057-49BB-885B-D02A4FA4D006}.Debug|iPhone.Build.0 = Debug|Any CPU
		{3397022C-5057-49BB-885B-D02A4FA4D006}.Debug|iPhone.Deploy.0 = Debug|Any CPU
		{3397022C-5057-49BB-885B-D02A4FA4D006}.Debug|iPhoneSimulator.ActiveCfg = Debug|Any CPU
		{3397022C-5057-49BB-885B-D02A4FA4D006}.Debug|iPhoneSimulator.Build.0 = Debug|Any CPU
		{3397022C-5057-49BB-885B-D02A4FA4D006}.Debug|iPhoneSimulator.Deploy.0 = Debug|Any CPU
		{3397022C-5057-49BB-885B-D02A4FA4D006}.Debug|x64.ActiveCfg = Debug|Any CPU
		{3397022C-5057-49BB-885B-D02A4FA4D006}.Debug|x64.Build.0 = Debug|Any CPU
		{3397022C-5057-49BB-885B-D02A4FA4D006}.Debug|x64.Deploy.0 = Debug|Any CPU
		{3397022C-5057-49BB-885B-D02A4FA4D006}.Debug|x86.ActiveCfg = Debug|Any CPU
		{3397022C-5057-49BB-885B-D02A4FA4D006}.Debug|x86.Build.0 = Debug|Any CPU
		{3397022C-5057-49BB-885B-D02A4FA4D006}.Debug|x86.Deploy.0 = Debug|Any CPU
		{3397022C-5057-49BB-885B-D02A4FA4D006}.Release|Any CPU.ActiveCfg = Release|Any CPU
		{3397022C-5057-49BB-885B-D02A4FA4D006}.Release|Any CPU.Build.0 = Release|Any CPU
		{3397022C-5057-49BB-885B-D02A4FA4D006}.Release|Any CPU.Deploy.0 = Release|Any CPU
		{3397022C-5057-49BB-885B-D02A4FA4D006}.Release|ARM.ActiveCfg = Release|Any CPU
		{3397022C-5057-49BB-885B-D02A4FA4D006}.Release|ARM.Build.0 = Release|Any CPU
		{3397022C-5057-49BB-885B-D02A4FA4D006}.Release|ARM.Deploy.0 = Release|Any CPU
		{3397022C-5057-49BB-885B-D02A4FA4D006}.Release|iPhone.ActiveCfg = Release|Any CPU
		{3397022C-5057-49BB-885B-D02A4FA4D006}.Release|iPhone.Build.0 = Release|Any CPU
		{3397022C-5057-49BB-885B-D02A4FA4D006}.Release|iPhone.Deploy.0 = Release|Any CPU
		{3397022C-5057-49BB-885B-D02A4FA4D006}.Release|iPhoneSimulator.ActiveCfg = Release|Any CPU
		{3397022C-5057-49BB-885B-D02A4FA4D006}.Release|iPhoneSimulator.Build.0 = Release|Any CPU
		{3397022C-5057-49BB-885B-D02A4FA4D006}.Release|iPhoneSimulator.Deploy.0 = Release|Any CPU
		{3397022C-5057-49BB-885B-D02A4FA4D006}.Release|x64.ActiveCfg = Release|Any CPU
		{3397022C-5057-49BB-885B-D02A4FA4D006}.Release|x64.Build.0 = Release|Any CPU
		{3397022C-5057-49BB-885B-D02A4FA4D006}.Release|x64.Deploy.0 = Release|Any CPU
		{3397022C-5057-49BB-885B-D02A4FA4D006}.Release|x86.ActiveCfg = Release|Any CPU
		{3397022C-5057-49BB-885B-D02A4FA4D006}.Release|x86.Build.0 = Release|Any CPU
		{3397022C-5057-49BB-885B-D02A4FA4D006}.Release|x86.Deploy.0 = Release|Any CPU
		{CEB19700-B9D5-4857-9C57-89CE4508D010}.Ad-Hoc|Any CPU.ActiveCfg = Ad-Hoc|iPhone
		{CEB19700-B9D5-4857-9C57-89CE4508D010}.Ad-Hoc|Any CPU.Build.0 = Ad-Hoc|iPhone
		{CEB19700-B9D5-4857-9C57-89CE4508D010}.Ad-Hoc|Any CPU.Deploy.0 = Ad-Hoc|iPhone
		{CEB19700-B9D5-4857-9C57-89CE4508D010}.Ad-Hoc|ARM.ActiveCfg = Ad-Hoc|iPhone
		{CEB19700-B9D5-4857-9C57-89CE4508D010}.Ad-Hoc|ARM.Build.0 = Ad-Hoc|iPhone
		{CEB19700-B9D5-4857-9C57-89CE4508D010}.Ad-Hoc|ARM.Deploy.0 = Ad-Hoc|iPhone
		{CEB19700-B9D5-4857-9C57-89CE4508D010}.Ad-Hoc|iPhone.ActiveCfg = Ad-Hoc|iPhone
		{CEB19700-B9D5-4857-9C57-89CE4508D010}.Ad-Hoc|iPhone.Build.0 = Ad-Hoc|iPhone
		{CEB19700-B9D5-4857-9C57-89CE4508D010}.Ad-Hoc|iPhone.Deploy.0 = Ad-Hoc|iPhone
		{CEB19700-B9D5-4857-9C57-89CE4508D010}.Ad-Hoc|iPhoneSimulator.ActiveCfg = Ad-Hoc|iPhoneSimulator
		{CEB19700-B9D5-4857-9C57-89CE4508D010}.Ad-Hoc|iPhoneSimulator.Build.0 = Ad-Hoc|iPhoneSimulator
		{CEB19700-B9D5-4857-9C57-89CE4508D010}.Ad-Hoc|iPhoneSimulator.Deploy.0 = Ad-Hoc|iPhoneSimulator
		{CEB19700-B9D5-4857-9C57-89CE4508D010}.Ad-Hoc|x64.ActiveCfg = Ad-Hoc|iPhone
		{CEB19700-B9D5-4857-9C57-89CE4508D010}.Ad-Hoc|x64.Build.0 = Ad-Hoc|iPhone
		{CEB19700-B9D5-4857-9C57-89CE4508D010}.Ad-Hoc|x64.Deploy.0 = Ad-Hoc|iPhone
		{CEB19700-B9D5-4857-9C57-89CE4508D010}.Ad-Hoc|x86.ActiveCfg = Ad-Hoc|iPhone
		{CEB19700-B9D5-4857-9C57-89CE4508D010}.Ad-Hoc|x86.Build.0 = Ad-Hoc|iPhone
		{CEB19700-B9D5-4857-9C57-89CE4508D010}.Ad-Hoc|x86.Deploy.0 = Ad-Hoc|iPhone
		{CEB19700-B9D5-4857-9C57-89CE4508D010}.AppStore|Any CPU.ActiveCfg = AppStore|iPhone
		{CEB19700-B9D5-4857-9C57-89CE4508D010}.AppStore|Any CPU.Build.0 = AppStore|iPhone
		{CEB19700-B9D5-4857-9C57-89CE4508D010}.AppStore|Any CPU.Deploy.0 = AppStore|iPhone
		{CEB19700-B9D5-4857-9C57-89CE4508D010}.AppStore|ARM.ActiveCfg = AppStore|iPhone
		{CEB19700-B9D5-4857-9C57-89CE4508D010}.AppStore|ARM.Build.0 = AppStore|iPhone
		{CEB19700-B9D5-4857-9C57-89CE4508D010}.AppStore|ARM.Deploy.0 = AppStore|iPhone
		{CEB19700-B9D5-4857-9C57-89CE4508D010}.AppStore|iPhone.ActiveCfg = AppStore|iPhone
		{CEB19700-B9D5-4857-9C57-89CE4508D010}.AppStore|iPhone.Build.0 = AppStore|iPhone
		{CEB19700-B9D5-4857-9C57-89CE4508D010}.AppStore|iPhone.Deploy.0 = AppStore|iPhone
		{CEB19700-B9D5-4857-9C57-89CE4508D010}.AppStore|iPhoneSimulator.ActiveCfg = AppStore|iPhoneSimulator
		{CEB19700-B9D5-4857-9C57-89CE4508D010}.AppStore|iPhoneSimulator.Build.0 = AppStore|iPhoneSimulator
		{CEB19700-B9D5-4857-9C57-89CE4508D010}.AppStore|iPhoneSimulator.Deploy.0 = AppStore|iPhoneSimulator
		{CEB19700-B9D5-4857-9C57-89CE4508D010}.AppStore|x64.ActiveCfg = AppStore|iPhone
		{CEB19700-B9D5-4857-9C57-89CE4508D010}.AppStore|x64.Build.0 = AppStore|iPhone
		{CEB19700-B9D5-4857-9C57-89CE4508D010}.AppStore|x64.Deploy.0 = AppStore|iPhone
		{CEB19700-B9D5-4857-9C57-89CE4508D010}.AppStore|x86.ActiveCfg = AppStore|iPhone
		{CEB19700-B9D5-4857-9C57-89CE4508D010}.AppStore|x86.Build.0 = AppStore|iPhone
		{CEB19700-B9D5-4857-9C57-89CE4508D010}.AppStore|x86.Deploy.0 = AppStore|iPhone
		{CEB19700-B9D5-4857-9C57-89CE4508D010}.Debug|Any CPU.ActiveCfg = Debug|iPhoneSimulator
		{CEB19700-B9D5-4857-9C57-89CE4508D010}.Debug|Any CPU.Build.0 = Debug|iPhoneSimulator
		{CEB19700-B9D5-4857-9C57-89CE4508D010}.Debug|Any CPU.Deploy.0 = Debug|iPhoneSimulator
		{CEB19700-B9D5-4857-9C57-89CE4508D010}.Debug|ARM.ActiveCfg = Debug|iPhone
		{CEB19700-B9D5-4857-9C57-89CE4508D010}.Debug|ARM.Build.0 = Debug|iPhone
		{CEB19700-B9D5-4857-9C57-89CE4508D010}.Debug|ARM.Deploy.0 = Debug|iPhone
		{CEB19700-B9D5-4857-9C57-89CE4508D010}.Debug|iPhone.ActiveCfg = Debug|iPhone
		{CEB19700-B9D5-4857-9C57-89CE4508D010}.Debug|iPhone.Build.0 = Debug|iPhone
		{CEB19700-B9D5-4857-9C57-89CE4508D010}.Debug|iPhone.Deploy.0 = Debug|iPhone
		{CEB19700-B9D5-4857-9C57-89CE4508D010}.Debug|iPhoneSimulator.ActiveCfg = Debug|iPhoneSimulator
		{CEB19700-B9D5-4857-9C57-89CE4508D010}.Debug|iPhoneSimulator.Build.0 = Debug|iPhoneSimulator
		{CEB19700-B9D5-4857-9C57-89CE4508D010}.Debug|iPhoneSimulator.Deploy.0 = Debug|iPhoneSimulator
		{CEB19700-B9D5-4857-9C57-89CE4508D010}.Debug|x64.ActiveCfg = Debug|iPhone
		{CEB19700-B9D5-4857-9C57-89CE4508D010}.Debug|x64.Build.0 = Debug|iPhone
		{CEB19700-B9D5-4857-9C57-89CE4508D010}.Debug|x64.Deploy.0 = Debug|iPhone
		{CEB19700-B9D5-4857-9C57-89CE4508D010}.Debug|x86.ActiveCfg = Debug|iPhone
		{CEB19700-B9D5-4857-9C57-89CE4508D010}.Debug|x86.Build.0 = Debug|iPhone
		{CEB19700-B9D5-4857-9C57-89CE4508D010}.Debug|x86.Deploy.0 = Debug|iPhone
		{CEB19700-B9D5-4857-9C57-89CE4508D010}.Release|Any CPU.ActiveCfg = Release|iPhone
		{CEB19700-B9D5-4857-9C57-89CE4508D010}.Release|Any CPU.Build.0 = Release|iPhone
		{CEB19700-B9D5-4857-9C57-89CE4508D010}.Release|Any CPU.Deploy.0 = Release|iPhone
		{CEB19700-B9D5-4857-9C57-89CE4508D010}.Release|ARM.ActiveCfg = Release|iPhone
		{CEB19700-B9D5-4857-9C57-89CE4508D010}.Release|ARM.Build.0 = Release|iPhone
		{CEB19700-B9D5-4857-9C57-89CE4508D010}.Release|ARM.Deploy.0 = Release|iPhone
		{CEB19700-B9D5-4857-9C57-89CE4508D010}.Release|iPhone.ActiveCfg = Release|iPhone
		{CEB19700-B9D5-4857-9C57-89CE4508D010}.Release|iPhone.Build.0 = Release|iPhone
		{CEB19700-B9D5-4857-9C57-89CE4508D010}.Release|iPhone.Deploy.0 = Release|iPhone
		{CEB19700-B9D5-4857-9C57-89CE4508D010}.Release|iPhoneSimulator.ActiveCfg = Release|iPhoneSimulator
		{CEB19700-B9D5-4857-9C57-89CE4508D010}.Release|iPhoneSimulator.Build.0 = Release|iPhoneSimulator
		{CEB19700-B9D5-4857-9C57-89CE4508D010}.Release|iPhoneSimulator.Deploy.0 = Release|iPhoneSimulator
		{CEB19700-B9D5-4857-9C57-89CE4508D010}.Release|x64.ActiveCfg = Release|iPhone
		{CEB19700-B9D5-4857-9C57-89CE4508D010}.Release|x64.Build.0 = Release|iPhone
		{CEB19700-B9D5-4857-9C57-89CE4508D010}.Release|x64.Deploy.0 = Release|iPhone
		{CEB19700-B9D5-4857-9C57-89CE4508D010}.Release|x86.ActiveCfg = Release|iPhone
		{CEB19700-B9D5-4857-9C57-89CE4508D010}.Release|x86.Build.0 = Release|iPhone
		{CEB19700-B9D5-4857-9C57-89CE4508D010}.Release|x86.Deploy.0 = Release|iPhone
		{80E6CA7A-FD14-4C0D-8C0A-E6C7A9172A46}.Ad-Hoc|Any CPU.ActiveCfg = Release|x86
		{80E6CA7A-FD14-4C0D-8C0A-E6C7A9172A46}.Ad-Hoc|Any CPU.Build.0 = Release|x86
		{80E6CA7A-FD14-4C0D-8C0A-E6C7A9172A46}.Ad-Hoc|Any CPU.Deploy.0 = Release|x86
		{80E6CA7A-FD14-4C0D-8C0A-E6C7A9172A46}.Ad-Hoc|ARM.ActiveCfg = Release|ARM
		{80E6CA7A-FD14-4C0D-8C0A-E6C7A9172A46}.Ad-Hoc|ARM.Build.0 = Release|ARM
		{80E6CA7A-FD14-4C0D-8C0A-E6C7A9172A46}.Ad-Hoc|ARM.Deploy.0 = Release|ARM
		{80E6CA7A-FD14-4C0D-8C0A-E6C7A9172A46}.Ad-Hoc|iPhone.ActiveCfg = Release|x86
		{80E6CA7A-FD14-4C0D-8C0A-E6C7A9172A46}.Ad-Hoc|iPhone.Build.0 = Release|x86
		{80E6CA7A-FD14-4C0D-8C0A-E6C7A9172A46}.Ad-Hoc|iPhone.Deploy.0 = Release|x86
		{80E6CA7A-FD14-4C0D-8C0A-E6C7A9172A46}.Ad-Hoc|iPhoneSimulator.ActiveCfg = Release|x86
		{80E6CA7A-FD14-4C0D-8C0A-E6C7A9172A46}.Ad-Hoc|iPhoneSimulator.Build.0 = Release|x86
		{80E6CA7A-FD14-4C0D-8C0A-E6C7A9172A46}.Ad-Hoc|iPhoneSimulator.Deploy.0 = Release|x86
		{80E6CA7A-FD14-4C0D-8C0A-E6C7A9172A46}.Ad-Hoc|x64.ActiveCfg = Release|x64
		{80E6CA7A-FD14-4C0D-8C0A-E6C7A9172A46}.Ad-Hoc|x64.Build.0 = Release|x64
		{80E6CA7A-FD14-4C0D-8C0A-E6C7A9172A46}.Ad-Hoc|x64.Deploy.0 = Release|x64
		{80E6CA7A-FD14-4C0D-8C0A-E6C7A9172A46}.Ad-Hoc|x86.ActiveCfg = Release|x86
		{80E6CA7A-FD14-4C0D-8C0A-E6C7A9172A46}.Ad-Hoc|x86.Build.0 = Release|x86
		{80E6CA7A-FD14-4C0D-8C0A-E6C7A9172A46}.Ad-Hoc|x86.Deploy.0 = Release|x86
		{80E6CA7A-FD14-4C0D-8C0A-E6C7A9172A46}.AppStore|Any CPU.ActiveCfg = Release|x86
		{80E6CA7A-FD14-4C0D-8C0A-E6C7A9172A46}.AppStore|Any CPU.Build.0 = Release|x86
		{80E6CA7A-FD14-4C0D-8C0A-E6C7A9172A46}.AppStore|Any CPU.Deploy.0 = Release|x86
		{80E6CA7A-FD14-4C0D-8C0A-E6C7A9172A46}.AppStore|ARM.ActiveCfg = Release|ARM
		{80E6CA7A-FD14-4C0D-8C0A-E6C7A9172A46}.AppStore|ARM.Build.0 = Release|ARM
		{80E6CA7A-FD14-4C0D-8C0A-E6C7A9172A46}.AppStore|ARM.Deploy.0 = Release|ARM
		{80E6CA7A-FD14-4C0D-8C0A-E6C7A9172A46}.AppStore|iPhone.ActiveCfg = Release|x86
		{80E6CA7A-FD14-4C0D-8C0A-E6C7A9172A46}.AppStore|iPhone.Build.0 = Release|x86
		{80E6CA7A-FD14-4C0D-8C0A-E6C7A9172A46}.AppStore|iPhone.Deploy.0 = Release|x86
		{80E6CA7A-FD14-4C0D-8C0A-E6C7A9172A46}.AppStore|iPhoneSimulator.ActiveCfg = Release|x86
		{80E6CA7A-FD14-4C0D-8C0A-E6C7A9172A46}.AppStore|iPhoneSimulator.Build.0 = Release|x86
		{80E6CA7A-FD14-4C0D-8C0A-E6C7A9172A46}.AppStore|iPhoneSimulator.Deploy.0 = Release|x86
		{80E6CA7A-FD14-4C0D-8C0A-E6C7A9172A46}.AppStore|x64.ActiveCfg = Release|x64
		{80E6CA7A-FD14-4C0D-8C0A-E6C7A9172A46}.AppStore|x64.Build.0 = Release|x64
		{80E6CA7A-FD14-4C0D-8C0A-E6C7A9172A46}.AppStore|x64.Deploy.0 = Release|x64
		{80E6CA7A-FD14-4C0D-8C0A-E6C7A9172A46}.AppStore|x86.ActiveCfg = Release|x86
		{80E6CA7A-FD14-4C0D-8C0A-E6C7A9172A46}.AppStore|x86.Build.0 = Release|x86
		{80E6CA7A-FD14-4C0D-8C0A-E6C7A9172A46}.AppStore|x86.Deploy.0 = Release|x86
		{80E6CA7A-FD14-4C0D-8C0A-E6C7A9172A46}.Debug|Any CPU.ActiveCfg = Debug|x86
		{80E6CA7A-FD14-4C0D-8C0A-E6C7A9172A46}.Debug|Any CPU.Build.0 = Debug|x86
		{80E6CA7A-FD14-4C0D-8C0A-E6C7A9172A46}.Debug|Any CPU.Deploy.0 = Debug|x86
		{80E6CA7A-FD14-4C0D-8C0A-E6C7A9172A46}.Debug|ARM.ActiveCfg = Debug|ARM
		{80E6CA7A-FD14-4C0D-8C0A-E6C7A9172A46}.Debug|ARM.Build.0 = Debug|ARM
		{80E6CA7A-FD14-4C0D-8C0A-E6C7A9172A46}.Debug|ARM.Deploy.0 = Debug|ARM
		{80E6CA7A-FD14-4C0D-8C0A-E6C7A9172A46}.Debug|iPhone.ActiveCfg = Debug|x86
		{80E6CA7A-FD14-4C0D-8C0A-E6C7A9172A46}.Debug|iPhone.Build.0 = Debug|x86
		{80E6CA7A-FD14-4C0D-8C0A-E6C7A9172A46}.Debug|iPhone.Deploy.0 = Debug|x86
		{80E6CA7A-FD14-4C0D-8C0A-E6C7A9172A46}.Debug|iPhoneSimulator.ActiveCfg = Debug|x86
		{80E6CA7A-FD14-4C0D-8C0A-E6C7A9172A46}.Debug|iPhoneSimulator.Build.0 = Debug|x86
		{80E6CA7A-FD14-4C0D-8C0A-E6C7A9172A46}.Debug|iPhoneSimulator.Deploy.0 = Debug|x86
		{80E6CA7A-FD14-4C0D-8C0A-E6C7A9172A46}.Debug|x64.ActiveCfg = Debug|x64
		{80E6CA7A-FD14-4C0D-8C0A-E6C7A9172A46}.Debug|x64.Build.0 = Debug|x64
		{80E6CA7A-FD14-4C0D-8C0A-E6C7A9172A46}.Debug|x64.Deploy.0 = Debug|x64
		{80E6CA7A-FD14-4C0D-8C0A-E6C7A9172A46}.Debug|x86.ActiveCfg = Debug|x86
		{80E6CA7A-FD14-4C0D-8C0A-E6C7A9172A46}.Debug|x86.Build.0 = Debug|x86
		{80E6CA7A-FD14-4C0D-8C0A-E6C7A9172A46}.Debug|x86.Deploy.0 = Debug|x86
		{80E6CA7A-FD14-4C0D-8C0A-E6C7A9172A46}.Release|Any CPU.ActiveCfg = Release|x86
		{80E6CA7A-FD14-4C0D-8C0A-E6C7A9172A46}.Release|Any CPU.Build.0 = Release|x86
		{80E6CA7A-FD14-4C0D-8C0A-E6C7A9172A46}.Release|Any CPU.Deploy.0 = Release|x86
		{80E6CA7A-FD14-4C0D-8C0A-E6C7A9172A46}.Release|ARM.ActiveCfg = Release|ARM
		{80E6CA7A-FD14-4C0D-8C0A-E6C7A9172A46}.Release|ARM.Build.0 = Release|ARM
		{80E6CA7A-FD14-4C0D-8C0A-E6C7A9172A46}.Release|ARM.Deploy.0 = Release|ARM
		{80E6CA7A-FD14-4C0D-8C0A-E6C7A9172A46}.Release|iPhone.ActiveCfg = Release|x86
		{80E6CA7A-FD14-4C0D-8C0A-E6C7A9172A46}.Release|iPhone.Build.0 = Release|x86
		{80E6CA7A-FD14-4C0D-8C0A-E6C7A9172A46}.Release|iPhone.Deploy.0 = Release|x86
		{80E6CA7A-FD14-4C0D-8C0A-E6C7A9172A46}.Release|iPhoneSimulator.ActiveCfg = Release|x86
		{80E6CA7A-FD14-4C0D-8C0A-E6C7A9172A46}.Release|iPhoneSimulator.Build.0 = Release|x86
		{80E6CA7A-FD14-4C0D-8C0A-E6C7A9172A46}.Release|iPhoneSimulator.Deploy.0 = Release|x86
		{80E6CA7A-FD14-4C0D-8C0A-E6C7A9172A46}.Release|x64.ActiveCfg = Release|x64
		{80E6CA7A-FD14-4C0D-8C0A-E6C7A9172A46}.Release|x64.Build.0 = Release|x64
		{80E6CA7A-FD14-4C0D-8C0A-E6C7A9172A46}.Release|x64.Deploy.0 = Release|x64
		{80E6CA7A-FD14-4C0D-8C0A-E6C7A9172A46}.Release|x86.ActiveCfg = Release|x86
		{80E6CA7A-FD14-4C0D-8C0A-E6C7A9172A46}.Release|x86.Build.0 = Release|x86
		{80E6CA7A-FD14-4C0D-8C0A-E6C7A9172A46}.Release|x86.Deploy.0 = Release|x86
		{8C0CCAFB-EB37-4384-B298-D54CCDD696DF}.Ad-Hoc|Any CPU.ActiveCfg = Debug|Any CPU
		{8C0CCAFB-EB37-4384-B298-D54CCDD696DF}.Ad-Hoc|Any CPU.Build.0 = Debug|Any CPU
		{8C0CCAFB-EB37-4384-B298-D54CCDD696DF}.Ad-Hoc|Any CPU.Deploy.0 = Debug|Any CPU
		{8C0CCAFB-EB37-4384-B298-D54CCDD696DF}.Ad-Hoc|ARM.ActiveCfg = Debug|Any CPU
		{8C0CCAFB-EB37-4384-B298-D54CCDD696DF}.Ad-Hoc|ARM.Build.0 = Debug|Any CPU
		{8C0CCAFB-EB37-4384-B298-D54CCDD696DF}.Ad-Hoc|ARM.Deploy.0 = Debug|Any CPU
		{8C0CCAFB-EB37-4384-B298-D54CCDD696DF}.Ad-Hoc|iPhone.ActiveCfg = Debug|Any CPU
		{8C0CCAFB-EB37-4384-B298-D54CCDD696DF}.Ad-Hoc|iPhone.Build.0 = Debug|Any CPU
		{8C0CCAFB-EB37-4384-B298-D54CCDD696DF}.Ad-Hoc|iPhone.Deploy.0 = Debug|Any CPU
		{8C0CCAFB-EB37-4384-B298-D54CCDD696DF}.Ad-Hoc|iPhoneSimulator.ActiveCfg = Debug|Any CPU
		{8C0CCAFB-EB37-4384-B298-D54CCDD696DF}.Ad-Hoc|iPhoneSimulator.Build.0 = Debug|Any CPU
		{8C0CCAFB-EB37-4384-B298-D54CCDD696DF}.Ad-Hoc|iPhoneSimulator.Deploy.0 = Debug|Any CPU
		{8C0CCAFB-EB37-4384-B298-D54CCDD696DF}.Ad-Hoc|x64.ActiveCfg = Debug|Any CPU
		{8C0CCAFB-EB37-4384-B298-D54CCDD696DF}.Ad-Hoc|x64.Build.0 = Debug|Any CPU
		{8C0CCAFB-EB37-4384-B298-D54CCDD696DF}.Ad-Hoc|x64.Deploy.0 = Debug|Any CPU
		{8C0CCAFB-EB37-4384-B298-D54CCDD696DF}.Ad-Hoc|x86.ActiveCfg = Debug|Any CPU
		{8C0CCAFB-EB37-4384-B298-D54CCDD696DF}.Ad-Hoc|x86.Build.0 = Debug|Any CPU
		{8C0CCAFB-EB37-4384-B298-D54CCDD696DF}.Ad-Hoc|x86.Deploy.0 = Debug|Any CPU
		{8C0CCAFB-EB37-4384-B298-D54CCDD696DF}.AppStore|Any CPU.ActiveCfg = Debug|Any CPU
		{8C0CCAFB-EB37-4384-B298-D54CCDD696DF}.AppStore|Any CPU.Build.0 = Debug|Any CPU
		{8C0CCAFB-EB37-4384-B298-D54CCDD696DF}.AppStore|Any CPU.Deploy.0 = Debug|Any CPU
		{8C0CCAFB-EB37-4384-B298-D54CCDD696DF}.AppStore|ARM.ActiveCfg = Debug|Any CPU
		{8C0CCAFB-EB37-4384-B298-D54CCDD696DF}.AppStore|ARM.Build.0 = Debug|Any CPU
		{8C0CCAFB-EB37-4384-B298-D54CCDD696DF}.AppStore|ARM.Deploy.0 = Debug|Any CPU
		{8C0CCAFB-EB37-4384-B298-D54CCDD696DF}.AppStore|iPhone.ActiveCfg = Debug|Any CPU
		{8C0CCAFB-EB37-4384-B298-D54CCDD696DF}.AppStore|iPhone.Build.0 = Debug|Any CPU
		{8C0CCAFB-EB37-4384-B298-D54CCDD696DF}.AppStore|iPhone.Deploy.0 = Debug|Any CPU
		{8C0CCAFB-EB37-4384-B298-D54CCDD696DF}.AppStore|iPhoneSimulator.ActiveCfg = Debug|Any CPU
		{8C0CCAFB-EB37-4384-B298-D54CCDD696DF}.AppStore|iPhoneSimulator.Build.0 = Debug|Any CPU
		{8C0CCAFB-EB37-4384-B298-D54CCDD696DF}.AppStore|iPhoneSimulator.Deploy.0 = Debug|Any CPU
		{8C0CCAFB-EB37-4384-B298-D54CCDD696DF}.AppStore|x64.ActiveCfg = Debug|Any CPU
		{8C0CCAFB-EB37-4384-B298-D54CCDD696DF}.AppStore|x64.Build.0 = Debug|Any CPU
		{8C0CCAFB-EB37-4384-B298-D54CCDD696DF}.AppStore|x64.Deploy.0 = Debug|Any CPU
		{8C0CCAFB-EB37-4384-B298-D54CCDD696DF}.AppStore|x86.ActiveCfg = Debug|Any CPU
		{8C0CCAFB-EB37-4384-B298-D54CCDD696DF}.AppStore|x86.Build.0 = Debug|Any CPU
		{8C0CCAFB-EB37-4384-B298-D54CCDD696DF}.AppStore|x86.Deploy.0 = Debug|Any CPU
		{8C0CCAFB-EB37-4384-B298-D54CCDD696DF}.Debug|Any CPU.ActiveCfg = Debug|Any CPU
		{8C0CCAFB-EB37-4384-B298-D54CCDD696DF}.Debug|Any CPU.Build.0 = Debug|Any CPU
		{8C0CCAFB-EB37-4384-B298-D54CCDD696DF}.Debug|Any CPU.Deploy.0 = Debug|Any CPU
		{8C0CCAFB-EB37-4384-B298-D54CCDD696DF}.Debug|ARM.ActiveCfg = Debug|Any CPU
		{8C0CCAFB-EB37-4384-B298-D54CCDD696DF}.Debug|ARM.Build.0 = Debug|Any CPU
		{8C0CCAFB-EB37-4384-B298-D54CCDD696DF}.Debug|ARM.Deploy.0 = Debug|Any CPU
		{8C0CCAFB-EB37-4384-B298-D54CCDD696DF}.Debug|iPhone.ActiveCfg = Debug|Any CPU
		{8C0CCAFB-EB37-4384-B298-D54CCDD696DF}.Debug|iPhone.Build.0 = Debug|Any CPU
		{8C0CCAFB-EB37-4384-B298-D54CCDD696DF}.Debug|iPhone.Deploy.0 = Debug|Any CPU
		{8C0CCAFB-EB37-4384-B298-D54CCDD696DF}.Debug|iPhoneSimulator.ActiveCfg = Debug|Any CPU
		{8C0CCAFB-EB37-4384-B298-D54CCDD696DF}.Debug|iPhoneSimulator.Build.0 = Debug|Any CPU
		{8C0CCAFB-EB37-4384-B298-D54CCDD696DF}.Debug|iPhoneSimulator.Deploy.0 = Debug|Any CPU
		{8C0CCAFB-EB37-4384-B298-D54CCDD696DF}.Debug|x64.ActiveCfg = Debug|Any CPU
		{8C0CCAFB-EB37-4384-B298-D54CCDD696DF}.Debug|x64.Build.0 = Debug|Any CPU
		{8C0CCAFB-EB37-4384-B298-D54CCDD696DF}.Debug|x64.Deploy.0 = Debug|Any CPU
		{8C0CCAFB-EB37-4384-B298-D54CCDD696DF}.Debug|x86.ActiveCfg = Debug|Any CPU
		{8C0CCAFB-EB37-4384-B298-D54CCDD696DF}.Debug|x86.Build.0 = Debug|Any CPU
		{8C0CCAFB-EB37-4384-B298-D54CCDD696DF}.Debug|x86.Deploy.0 = Debug|Any CPU
		{8C0CCAFB-EB37-4384-B298-D54CCDD696DF}.Release|Any CPU.ActiveCfg = Release|Any CPU
		{8C0CCAFB-EB37-4384-B298-D54CCDD696DF}.Release|Any CPU.Build.0 = Release|Any CPU
		{8C0CCAFB-EB37-4384-B298-D54CCDD696DF}.Release|Any CPU.Deploy.0 = Release|Any CPU
		{8C0CCAFB-EB37-4384-B298-D54CCDD696DF}.Release|ARM.ActiveCfg = Release|Any CPU
		{8C0CCAFB-EB37-4384-B298-D54CCDD696DF}.Release|ARM.Build.0 = Release|Any CPU
		{8C0CCAFB-EB37-4384-B298-D54CCDD696DF}.Release|ARM.Deploy.0 = Release|Any CPU
		{8C0CCAFB-EB37-4384-B298-D54CCDD696DF}.Release|iPhone.ActiveCfg = Release|Any CPU
		{8C0CCAFB-EB37-4384-B298-D54CCDD696DF}.Release|iPhone.Build.0 = Release|Any CPU
		{8C0CCAFB-EB37-4384-B298-D54CCDD696DF}.Release|iPhone.Deploy.0 = Release|Any CPU
		{8C0CCAFB-EB37-4384-B298-D54CCDD696DF}.Release|iPhoneSimulator.ActiveCfg = Release|Any CPU
		{8C0CCAFB-EB37-4384-B298-D54CCDD696DF}.Release|iPhoneSimulator.Build.0 = Release|Any CPU
		{8C0CCAFB-EB37-4384-B298-D54CCDD696DF}.Release|iPhoneSimulator.Deploy.0 = Release|Any CPU
		{8C0CCAFB-EB37-4384-B298-D54CCDD696DF}.Release|x64.ActiveCfg = Release|Any CPU
		{8C0CCAFB-EB37-4384-B298-D54CCDD696DF}.Release|x64.Build.0 = Release|Any CPU
		{8C0CCAFB-EB37-4384-B298-D54CCDD696DF}.Release|x64.Deploy.0 = Release|Any CPU
		{8C0CCAFB-EB37-4384-B298-D54CCDD696DF}.Release|x86.ActiveCfg = Release|Any CPU
		{8C0CCAFB-EB37-4384-B298-D54CCDD696DF}.Release|x86.Build.0 = Release|Any CPU
		{8C0CCAFB-EB37-4384-B298-D54CCDD696DF}.Release|x86.Deploy.0 = Release|Any CPU
	EndGlobalSection
	GlobalSection(SolutionProperties) = preSolution
		HideSolutionNode = FALSE
	EndGlobalSection
	GlobalSection(ExtensibilityGlobals) = postSolution
		SolutionGuid = {1245811D-9491-4D36-88F0-AC69FD04B009}
	EndGlobalSection
EndGlobal
